
Microsoft Visual Studio Solution File, Format Version 12.00
# Visual Studio Version 17
VisualStudioVersion = 17.0.31903.59
MinimumVisualStudioVersion = 10.0.40219.1
Project("{2150E333-8FDC-42A3-9474-1A3956D46DE8}") = "src", "src", "{C277A75F-D988-41CD-ACA8-C84641A5A9C7}"
EndProject
Project("{FAE04EC0-301F-11D3-BF4B-00C04F79EFBC}") = "UseNotify", "src\UseNotify\UseNotify.csproj", "{B8EE3C6A-5F7E-4589-9CF2-FF63F9D75494}"
EndProject
Global
	GlobalSection(SolutionConfigurationPlatforms) = preSolution
		Debug|Any CPU = Debug|Any CPU
		Release|Any CPU = Release|Any CPU
	EndGlobalSection
	GlobalSection(SolutionProperties) = preSolution
		HideSolutionNode = FALSE
	EndGlobalSection
	GlobalSection(ProjectConfigurationPlatforms) = postSolution
		{B8EE3C6A-5F7E-4589-9CF2-FF63F9D75494}.Debug|Any CPU.ActiveCfg = Debug|Any CPU
		{B8EE3C6A-5F7E-4589-9CF2-FF63F9D75494}.Debug|Any CPU.Build.0 = Debug|Any CPU
		{B8EE3C6A-5F7E-4589-9CF2-FF63F9D75494}.Release|Any CPU.ActiveCfg = Release|Any CPU
		{B8EE3C6A-5F7E-4589-9CF2-FF63F9D75494}.Release|Any CPU.Build.0 = Release|Any CPU
	EndGlobalSection
	GlobalSection(NestedProjects) = preSolution
		{B8EE3C6A-5F7E-4589-9CF2-FF63F9D75494} = {C277A75F-D988-41CD-ACA8-C84641A5A9C7}
	EndGlobalSection
EndGlobal
